<?xml version="1.0" encoding="utf-8"?>
<Project ToolsVersion="4.0" xmlns="http://schemas.microsoft.com/developer/msbuild/2003">
  <ItemGroup>
    <Filter Include="Source Files">
      <UniqueIdentifier>{4FC737F1-C7A5-4376-A066-2A32D752A2FF}</UniqueIdentifier>
      <Extensions>cpp;c;cc;cxx;def;odl;idl;hpj;bat;asm;asmx</Extensions>
    </Filter>
    <Filter Include="Header Files">
      <UniqueIdentifier>{93995380-89BD-4b04-88EB-625FBE52EBFB}</UniqueIdentifier>
      <Extensions>h;hh;hpp;hxx;hm;inl;inc;xsd</Extensions>
    </Filter>
    <Filter Include="Resource Files">
      <UniqueIdentifier>{67DA6AB6-F800-4c08-8B7A-83BB121AAD01}</UniqueIdentifier>
      <Extensions>rc;ico;cur;bmp;dlg;rc2;rct;bin;rgs;gif;jpg;jpeg;jpe;resx;tiff;tif;png;wav;mfcribbon-ms</Extensions>
    </Filter>
    <Filter Include="Shaders">
      <UniqueIdentifier>{d1fddabf-3b17-4fa5-97e7-8ad26e81d92a}</UniqueIdentifier>
    </Filter>
    <Filter Include="Header Files\ColladaParser">
      <UniqueIdentifier>{f8a78eeb-e829-4d24-9b9f-466d9e311ba2}</UniqueIdentifier>
    </Filter>
    <Filter Include="Source Files\ColladaParser">
      <UniqueIdentifier>{1808bc61-251c-4964-8f77-ef7363b35f72}</UniqueIdentifier>
    </Filter>
  </ItemGroup>
  <ItemGroup>
    <ClCompile Include="src\buffers\Buffer.cpp">
      <Filter>Source Files</Filter>
    </ClCompile>
    <ClCompile Include="src\buffers\IndexBuffer.cpp">
      <Filter>Source Files</Filter>
    </ClCompile>
    <ClCompile Include="src\buffers\VertexArray.cpp">
      <Filter>Source Files</Filter>
    </ClCompile>
    <ClCompile Include="src\main.cpp">
      <Filter>Source Files</Filter>
    </ClCompile>
    <ClCompile Include="src\Mesh.cpp">
      <Filter>Source Files</Filter>
    </ClCompile>
    <ClCompile Include="src\Shader.cpp">
      <Filter>Source Files</Filter>
    </ClCompile>
    <ClCompile Include="src\Texture.cpp">
      <Filter>Source Files</Filter>
    </ClCompile>
    <ClCompile Include="src\glad.c">
      <Filter>Source Files</Filter>
    </ClCompile>
    <ClCompile Include="src\MainRenderer.cpp">
      <Filter>Source Files</Filter>
    </ClCompile>
    <ClCompile Include="src\Renderable.cpp">
      <Filter>Source Files</Filter>
    </ClCompile>
    <ClCompile Include="src\Renderer.cpp">
      <Filter>Source Files</Filter>
    </ClCompile>
    <ClCompile Include="src\Water.cpp">
      <Filter>Source Files</Filter>
    </ClCompile>
    <ClCompile Include="src\buffers\WaterFrameBuffer.cpp">
      <Filter>Source Files</Filter>
    </ClCompile>
    <ClCompile Include="src\WaterRenderer.cpp">
      <Filter>Source Files</Filter>
    </ClCompile>
    <ClCompile Include="src\Camera.cpp">
      <Filter>Source Files</Filter>
    </ClCompile>
    <ClCompile Include="src\Collider.cpp">
      <Filter>Source Files</Filter>
    </ClCompile>
    <ClCompile Include="src\ColliderFloor.cpp">
      <Filter>Source Files</Filter>
    </ClCompile>
    <ClCompile Include="src\CollisionManager.cpp">
      <Filter>Source Files</Filter>
    </ClCompile>
    <ClCompile Include="src\Math.cpp">
      <Filter>Source Files</Filter>
    </ClCompile>
    <ClCompile Include="src\Animation.cpp">
      <Filter>Source Files</Filter>
    </ClCompile>
    <ClCompile Include="src\Animator.cpp">
      <Filter>Source Files</Filter>
    </ClCompile>
    <ClCompile Include="src\AnimatedMesh.cpp">
      <Filter>Source Files</Filter>
    </ClCompile>
    <ClCompile Include="src\AnimationRenderer.cpp">
      <Filter>Source Files</Filter>
    </ClCompile>
    <ClCompile Include="src\XMLUtils.cpp">
      <Filter>Source Files</Filter>
    </ClCompile>
    <ClCompile Include="src\AnimatedModelLoader.cpp">
      <Filter>Source Files</Filter>
    </ClCompile>
    <ClCompile Include="src\AnimationLoader.cpp">
      <Filter>Source Files</Filter>
    </ClCompile>
    <ClCompile Include="src\JointTransform.cpp">
      <Filter>Source Files</Filter>
    </ClCompile>
    <ClCompile Include="src\KeyFrame.cpp">
      <Filter>Source Files</Filter>
    </ClCompile>
    <ClCompile Include="src\ColladaLoader.cpp">
      <Filter>Source Files\ColladaParser</Filter>
    </ClCompile>
    <ClCompile Include="src\GeometryLoader.cpp">
      <Filter>Source Files\ColladaParser</Filter>
    </ClCompile>
    <ClCompile Include="src\SkeletonLoader.cpp">
      <Filter>Source Files\ColladaParser</Filter>
    </ClCompile>
    <ClCompile Include="src\SkinLoader.cpp">
      <Filter>Source Files\ColladaParser</Filter>
    </ClCompile>
    <ClCompile Include="src\SkeletonData.cpp">
      <Filter>Source Files\ColladaParser</Filter>
    </ClCompile>
    <ClCompile Include="src\SkinningData.cpp">
      <Filter>Source Files\ColladaParser</Filter>
    </ClCompile>
    <ClCompile Include="src\Vertex.cpp">
      <Filter>Source Files\ColladaParser</Filter>
    </ClCompile>
    <ClCompile Include="src\VertexSkinData.cpp">
      <Filter>Source Files\ColladaParser</Filter>
    </ClCompile>
    <ClCompile Include="src\AnimatedModelData.cpp">
      <Filter>Source Files\ColladaParser</Filter>
    </ClCompile>
    <ClCompile Include="src\AnimationData.cpp">
      <Filter>Source Files\ColladaParser</Filter>
    </ClCompile>
    <ClCompile Include="src\AnimationDataLoader.cpp">
      <Filter>Source Files\ColladaParser</Filter>
    </ClCompile>
    <ClCompile Include="src\JointData.cpp">
      <Filter>Source Files\ColladaParser</Filter>
    </ClCompile>
    <ClCompile Include="src\JointTransformData.cpp">
      <Filter>Source Files\ColladaParser</Filter>
    </ClCompile>
    <ClCompile Include="src\KeyFrameData.cpp">
      <Filter>Source Files\ColladaParser</Filter>
    </ClCompile>
    <ClCompile Include="src\MeshData.cpp">
      <Filter>Source Files\ColladaParser</Filter>
    </ClCompile>
    <ClCompile Include="src\Joint.cpp">
      <Filter>Source Files</Filter>
    </ClCompile>
    <ClCompile Include="src\AnimatedRenderable.cpp">
      <Filter>Source Files</Filter>
    </ClCompile>
    <ClCompile Include="src\TimeFrame.cpp">
      <Filter>Source Files</Filter>
    </ClCompile>
    <ClCompile Include="src\Character.cpp">
      <Filter>Source Files</Filter>
    </ClCompile>
    <ClCompile Include="src\GuiRenderer.cpp">
      <Filter>Source Files</Filter>
    </ClCompile>
    <ClCompile Include="src\Display.cpp">
      <Filter>Source Files</Filter>
    </ClCompile>
  </ItemGroup>
  <ItemGroup>
    <ClInclude Include="src\Mesh.h">
      <Filter>Header Files</Filter>
    </ClInclude>
    <ClInclude Include="src\buffers\Buffer.h">
      <Filter>Header Files</Filter>
    </ClInclude>
    <ClInclude Include="src\buffers\IndexBuffer.h">
      <Filter>Header Files</Filter>
    </ClInclude>
    <ClInclude Include="src\buffers\VertexArray.h">
      <Filter>Header Files</Filter>
    </ClInclude>
    <ClInclude Include="src\Shader.h">
      <Filter>Header Files</Filter>
    </ClInclude>
    <ClInclude Include="src\Texture.h">
      <Filter>Header Files</Filter>
    </ClInclude>
    <ClInclude Include="src\Renderable.h">
      <Filter>Header Files</Filter>
    </ClInclude>
    <ClInclude Include="src\Renderer.h">
      <Filter>Header Files</Filter>
    </ClInclude>
    <ClInclude Include="src\MainRenderer.h">
      <Filter>Header Files</Filter>
    </ClInclude>
    <ClInclude Include="src\WaterRenderer.h">
      <Filter>Header Files</Filter>
    </ClInclude>
    <ClInclude Include="src\Water.h">
      <Filter>Header Files</Filter>
    </ClInclude>
    <ClInclude Include="src\buffers\WaterFrameBuffer.h">
      <Filter>Header Files</Filter>
    </ClInclude>
    <ClInclude Include="src\Camera.h">
      <Filter>Header Files</Filter>
    </ClInclude>
    <ClInclude Include="src\Math.h">
      <Filter>Header Files</Filter>
    </ClInclude>
    <ClInclude Include="src\Collider.h">
      <Filter>Header Files</Filter>
    </ClInclude>
    <ClInclude Include="src\ColliderFloor.h">
      <Filter>Header Files</Filter>
    </ClInclude>
    <ClInclude Include="src\CollisionManager.h">
      <Filter>Header Files</Filter>
    </ClInclude>
    <ClInclude Include="src\Animation.h">
      <Filter>Header Files</Filter>
    </ClInclude>
    <ClInclude Include="src\Animator.h">
      <Filter>Header Files</Filter>
    </ClInclude>
    <ClInclude Include="src\Transform.h">
      <Filter>Header Files</Filter>
    </ClInclude>
    <ClInclude Include="src\AnimatedMesh.h">
      <Filter>Header Files</Filter>
    </ClInclude>
    <ClInclude Include="src\AnimationRenderer.h">
      <Filter>Header Files</Filter>
    </ClInclude>
    <ClInclude Include="src\XMLUtils.h">
      <Filter>Header Files</Filter>
    </ClInclude>
    <ClInclude Include="src\AnimatedModelLoader.h">
      <Filter>Header Files</Filter>
    </ClInclude>
    <ClInclude Include="src\AnimationLoader.h">
      <Filter>Header Files</Filter>
    </ClInclude>
    <ClInclude Include="src\JointTransform.h">
      <Filter>Header Files</Filter>
    </ClInclude>
    <ClInclude Include="src\KeyFrame.h">
      <Filter>Header Files</Filter>
    </ClInclude>
    <ClInclude Include="src\AnimatedModelData.h">
      <Filter>Header Files\ColladaParser</Filter>
    </ClInclude>
    <ClInclude Include="src\AnimationDataLoader.h">
      <Filter>Header Files\ColladaParser</Filter>
    </ClInclude>
    <ClInclude Include="src\AnimationData.h">
      <Filter>Header Files\ColladaParser</Filter>
    </ClInclude>
    <ClInclude Include="src\JointData.h">
      <Filter>Header Files\ColladaParser</Filter>
    </ClInclude>
    <ClInclude Include="src\ColladaLoader.h">
      <Filter>Header Files\ColladaParser</Filter>
    </ClInclude>
    <ClInclude Include="src\GeometryLoader.h">
      <Filter>Header Files\ColladaParser</Filter>
    </ClInclude>
    <ClInclude Include="src\SkeletonLoader.h">
      <Filter>Header Files\ColladaParser</Filter>
    </ClInclude>
    <ClInclude Include="src\SkinLoader.h">
      <Filter>Header Files\ColladaParser</Filter>
    </ClInclude>
    <ClInclude Include="src\JointTransformData.h">
      <Filter>Header Files\ColladaParser</Filter>
    </ClInclude>
    <ClInclude Include="src\KeyFrameData.h">
      <Filter>Header Files\ColladaParser</Filter>
    </ClInclude>
    <ClInclude Include="src\MeshData.h">
      <Filter>Header Files\ColladaParser</Filter>
    </ClInclude>
    <ClInclude Include="src\SkeletonData.h">
      <Filter>Header Files\ColladaParser</Filter>
    </ClInclude>
    <ClInclude Include="src\SkinningData.h">
      <Filter>Header Files\ColladaParser</Filter>
    </ClInclude>
    <ClInclude Include="src\Vertex.h">
      <Filter>Header Files\ColladaParser</Filter>
    </ClInclude>
    <ClInclude Include="src\VertexSkinData.h">
      <Filter>Header Files\ColladaParser</Filter>
    </ClInclude>
    <ClInclude Include="src\Joint.h">
      <Filter>Header Files</Filter>
    </ClInclude>
    <ClInclude Include="src\AnimatedRenderable.h">
      <Filter>Header Files</Filter>
    </ClInclude>
    <ClInclude Include="src\Character.h">
      <Filter>Header Files</Filter>
    </ClInclude>
    <ClInclude Include="src\GuiRenderer.h">
      <Filter>Header Files</Filter>
    </ClInclude>
    <ClInclude Include="src\TimeFrame.h">
      <Filter>Header Files</Filter>
    </ClInclude>
    <ClInclude Include="src\Display.h">
      <Filter>Header Files</Filter>
    </ClInclude>
  </ItemGroup>
  <ItemGroup>
    <None Include="src\shaders\sha.frag">
      <Filter>Shaders</Filter>
    </None>
    <None Include="src\shaders\sha.vert">
      <Filter>Shaders</Filter>
    </None>
    <None Include="src\shaders\simple - Copy.frag">
      <Filter>Shaders</Filter>
    </None>
    <None Include="src\shaders\simple - Copy.vert">
      <Filter>Shaders</Filter>
    </None>
    <None Include="src\shaders\simple.frag">
      <Filter>Shaders</Filter>
    </None>
    <None Include="src\shaders\simple.vert">
      <Filter>Shaders</Filter>
    </None>
    <None Include="src\shaders\water.frag">
      <Filter>Shaders</Filter>
    </None>
    <None Include="src\shaders\water.vert">
      <Filter>Shaders</Filter>
    </None>
    <None Include="src\shaders\WaterShader.frag">
      <Filter>Shaders</Filter>
    </None>
    <None Include="src\shaders\WaterShader.vert">
      <Filter>Shaders</Filter>
    </None>
    <None Include="src\shaders\animated.vert">
      <Filter>Shaders</Filter>
    </None>
    <None Include="src\shaders\animated.frag">
      <Filter>Shaders</Filter>
    </None>
  </ItemGroup>
</Project>